
Microsoft Visual Studio Solution File, Format Version 12.00
# Visual Studio Version 16
VisualStudioVersion = 16.0.31729.503
MinimumVisualStudioVersion = 10.0.40219.1
Project("{FAE04EC0-301F-11D3-BF4B-00C04F79EFBC}") = "LabClasses4LoopsBeingFifteenthTask", "LabClasses4LoopsBeingFifteenthTask\LabClasses4LoopsBeingFifteenthTask.csproj", "{A61E6582-8258-4097-835E-CAA2F79FE66A}"
EndProject
Global
	GlobalSection(SolutionConfigurationPlatforms) = preSolution
		Debug|Any CPU = Debug|Any CPU
		Release|Any CPU = Release|Any CPU
	EndGlobalSection
	GlobalSection(ProjectConfigurationPlatforms) = postSolution
		{A61E6582-8258-4097-835E-CAA2F79FE66A}.Debug|Any CPU.ActiveCfg = Debug|Any CPU
		{A61E6582-8258-4097-835E-CAA2F79FE66A}.Debug|Any CPU.Build.0 = Debug|Any CPU
		{A61E6582-8258-4097-835E-CAA2F79FE66A}.Release|Any CPU.ActiveCfg = Release|Any CPU
		{A61E6582-8258-4097-835E-CAA2F79FE66A}.Release|Any CPU.Build.0 = Release|Any CPU
	EndGlobalSection
	GlobalSection(SolutionProperties) = preSolution
		HideSolutionNode = FALSE
	EndGlobalSection
	GlobalSection(ExtensibilityGlobals) = postSolution
		SolutionGuid = {7EC59664-5F78-4ADE-B688-5D8CC2FCCD6B}
	EndGlobalSection
EndGlobal
