
Microsoft Visual Studio Solution File, Format Version 12.00
# Visual Studio Version 16
VisualStudioVersion = 16.0.31729.503
MinimumVisualStudioVersion = 10.0.40219.1
Project("{FAE04EC0-301F-11D3-BF4B-00C04F79EFBC}") = "LabClasses4LoopsBeginNineteenthTask", "LabClasses4LoopsBeginNineteenthTask\LabClasses4LoopsBeginNineteenthTask.csproj", "{21276C1C-2A17-4A6E-B6F5-49D37AE8182F}"
EndProject
Global
	GlobalSection(SolutionConfigurationPlatforms) = preSolution
		Debug|Any CPU = Debug|Any CPU
		Release|Any CPU = Release|Any CPU
	EndGlobalSection
	GlobalSection(ProjectConfigurationPlatforms) = postSolution
		{21276C1C-2A17-4A6E-B6F5-49D37AE8182F}.Debug|Any CPU.ActiveCfg = Debug|Any CPU
		{21276C1C-2A17-4A6E-B6F5-49D37AE8182F}.Debug|Any CPU.Build.0 = Debug|Any CPU
		{21276C1C-2A17-4A6E-B6F5-49D37AE8182F}.Release|Any CPU.ActiveCfg = Release|Any CPU
		{21276C1C-2A17-4A6E-B6F5-49D37AE8182F}.Release|Any CPU.Build.0 = Release|Any CPU
	EndGlobalSection
	GlobalSection(SolutionProperties) = preSolution
		HideSolutionNode = FALSE
	EndGlobalSection
	GlobalSection(ExtensibilityGlobals) = postSolution
		SolutionGuid = {ACBD2B50-72A0-4603-A215-54BE05F4AA81}
	EndGlobalSection
EndGlobal
