
Microsoft Visual Studio Solution File, Format Version 12.00
# Visual Studio Version 16
VisualStudioVersion = 16.0.31729.503
MinimumVisualStudioVersion = 10.0.40219.1
Project("{FAE04EC0-301F-11D3-BF4B-00C04F79EFBC}") = "LabClasses2NinthTask", "LabClasses2NinthTask\LabClasses2NinthTask.csproj", "{F4B31F86-63A8-41E6-BF7C-2BE4F5AD001B}"
EndProject
Global
	GlobalSection(SolutionConfigurationPlatforms) = preSolution
		Debug|Any CPU = Debug|Any CPU
		Release|Any CPU = Release|Any CPU
	EndGlobalSection
	GlobalSection(ProjectConfigurationPlatforms) = postSolution
		{F4B31F86-63A8-41E6-BF7C-2BE4F5AD001B}.Debug|Any CPU.ActiveCfg = Debug|Any CPU
		{F4B31F86-63A8-41E6-BF7C-2BE4F5AD001B}.Debug|Any CPU.Build.0 = Debug|Any CPU
		{F4B31F86-63A8-41E6-BF7C-2BE4F5AD001B}.Release|Any CPU.ActiveCfg = Release|Any CPU
		{F4B31F86-63A8-41E6-BF7C-2BE4F5AD001B}.Release|Any CPU.Build.0 = Release|Any CPU
	EndGlobalSection
	GlobalSection(SolutionProperties) = preSolution
		HideSolutionNode = FALSE
	EndGlobalSection
	GlobalSection(ExtensibilityGlobals) = postSolution
		SolutionGuid = {EC4A4FCE-86B6-4C88-86A2-A7639BC6C4D1}
	EndGlobalSection
EndGlobal
