
Microsoft Visual Studio Solution File, Format Version 12.00
# Visual Studio Version 16
VisualStudioVersion = 16.0.31729.503
MinimumVisualStudioVersion = 10.0.40219.1
Project("{FAE04EC0-301F-11D3-BF4B-00C04F79EFBC}") = "LabClasses4LoopsBeginTwenty-firstTask", "LabClasses4LoopsBeginTwenty-firstTask\LabClasses4LoopsBeginTwenty-firstTask.csproj", "{2B862EE4-E581-4C81-ABD9-2EA8EB424FA0}"
EndProject
Global
	GlobalSection(SolutionConfigurationPlatforms) = preSolution
		Debug|Any CPU = Debug|Any CPU
		Release|Any CPU = Release|Any CPU
	EndGlobalSection
	GlobalSection(ProjectConfigurationPlatforms) = postSolution
		{2B862EE4-E581-4C81-ABD9-2EA8EB424FA0}.Debug|Any CPU.ActiveCfg = Debug|Any CPU
		{2B862EE4-E581-4C81-ABD9-2EA8EB424FA0}.Debug|Any CPU.Build.0 = Debug|Any CPU
		{2B862EE4-E581-4C81-ABD9-2EA8EB424FA0}.Release|Any CPU.ActiveCfg = Release|Any CPU
		{2B862EE4-E581-4C81-ABD9-2EA8EB424FA0}.Release|Any CPU.Build.0 = Release|Any CPU
	EndGlobalSection
	GlobalSection(SolutionProperties) = preSolution
		HideSolutionNode = FALSE
	EndGlobalSection
	GlobalSection(ExtensibilityGlobals) = postSolution
		SolutionGuid = {940A2105-5E49-4525-A52D-0EF6AE6EBA52}
	EndGlobalSection
EndGlobal
