
Microsoft Visual Studio Solution File, Format Version 12.00
# Visual Studio Version 16
VisualStudioVersion = 16.0.31729.503
MinimumVisualStudioVersion = 10.0.40219.1
Project("{FAE04EC0-301F-11D3-BF4B-00C04F79EFBC}") = "LabClasses2FifthTask", "LabClasses2FifthTask\LabClasses2FifthTask.csproj", "{4BAFFE9E-1B4C-4BB8-85C4-E3B5A1FD9980}"
EndProject
Global
	GlobalSection(SolutionConfigurationPlatforms) = preSolution
		Debug|Any CPU = Debug|Any CPU
		Release|Any CPU = Release|Any CPU
	EndGlobalSection
	GlobalSection(ProjectConfigurationPlatforms) = postSolution
		{4BAFFE9E-1B4C-4BB8-85C4-E3B5A1FD9980}.Debug|Any CPU.ActiveCfg = Debug|Any CPU
		{4BAFFE9E-1B4C-4BB8-85C4-E3B5A1FD9980}.Debug|Any CPU.Build.0 = Debug|Any CPU
		{4BAFFE9E-1B4C-4BB8-85C4-E3B5A1FD9980}.Release|Any CPU.ActiveCfg = Release|Any CPU
		{4BAFFE9E-1B4C-4BB8-85C4-E3B5A1FD9980}.Release|Any CPU.Build.0 = Release|Any CPU
	EndGlobalSection
	GlobalSection(SolutionProperties) = preSolution
		HideSolutionNode = FALSE
	EndGlobalSection
	GlobalSection(ExtensibilityGlobals) = postSolution
		SolutionGuid = {A00E8801-D4EF-48DF-8A44-373B0604EE9D}
	EndGlobalSection
EndGlobal
