
Microsoft Visual Studio Solution File, Format Version 12.00
# Visual Studio Version 16
VisualStudioVersion = 16.0.31729.503
MinimumVisualStudioVersion = 10.0.40219.1
Project("{FAE04EC0-301F-11D3-BF4B-00C04F79EFBC}") = "LeapYear", "LeapYear\LeapYear.csproj", "{1AFCB8CB-6AB0-4ACE-B7E8-181FEEC820A8}"
EndProject
Global
	GlobalSection(SolutionConfigurationPlatforms) = preSolution
		Debug|Any CPU = Debug|Any CPU
		Release|Any CPU = Release|Any CPU
	EndGlobalSection
	GlobalSection(ProjectConfigurationPlatforms) = postSolution
		{1AFCB8CB-6AB0-4ACE-B7E8-181FEEC820A8}.Debug|Any CPU.ActiveCfg = Debug|Any CPU
		{1AFCB8CB-6AB0-4ACE-B7E8-181FEEC820A8}.Debug|Any CPU.Build.0 = Debug|Any CPU
		{1AFCB8CB-6AB0-4ACE-B7E8-181FEEC820A8}.Release|Any CPU.ActiveCfg = Release|Any CPU
		{1AFCB8CB-6AB0-4ACE-B7E8-181FEEC820A8}.Release|Any CPU.Build.0 = Release|Any CPU
	EndGlobalSection
	GlobalSection(SolutionProperties) = preSolution
		HideSolutionNode = FALSE
	EndGlobalSection
	GlobalSection(ExtensibilityGlobals) = postSolution
		SolutionGuid = {8EC9AFA3-0A07-43DF-B366-19FD706037C4}
	EndGlobalSection
EndGlobal
