
Microsoft Visual Studio Solution File, Format Version 12.00
# Visual Studio Version 16
VisualStudioVersion = 16.0.31729.503
MinimumVisualStudioVersion = 10.0.40219.1
Project("{FAE04EC0-301F-11D3-BF4B-00C04F79EFBC}") = "DivisionByZero", "DivisionByZero\DivisionByZero.csproj", "{538F3BAC-1585-4783-8953-9FA3E6E715FE}"
EndProject
Global
	GlobalSection(SolutionConfigurationPlatforms) = preSolution
		Debug|Any CPU = Debug|Any CPU
		Release|Any CPU = Release|Any CPU
	EndGlobalSection
	GlobalSection(ProjectConfigurationPlatforms) = postSolution
		{538F3BAC-1585-4783-8953-9FA3E6E715FE}.Debug|Any CPU.ActiveCfg = Debug|Any CPU
		{538F3BAC-1585-4783-8953-9FA3E6E715FE}.Debug|Any CPU.Build.0 = Debug|Any CPU
		{538F3BAC-1585-4783-8953-9FA3E6E715FE}.Release|Any CPU.ActiveCfg = Release|Any CPU
		{538F3BAC-1585-4783-8953-9FA3E6E715FE}.Release|Any CPU.Build.0 = Release|Any CPU
	EndGlobalSection
	GlobalSection(SolutionProperties) = preSolution
		HideSolutionNode = FALSE
	EndGlobalSection
	GlobalSection(ExtensibilityGlobals) = postSolution
		SolutionGuid = {1A014336-AC3F-4FB0-B30A-CC5335BDEAD0}
	EndGlobalSection
EndGlobal
