
Microsoft Visual Studio Solution File, Format Version 12.00
# Visual Studio Version 16
VisualStudioVersion = 16.0.31729.503
MinimumVisualStudioVersion = 10.0.40219.1
Project("{FAE04EC0-301F-11D3-BF4B-00C04F79EFBC}") = "LabClasses4LoopsBeginEleventhTask", "LabClasses4LoopsBeginEleventhTask\LabClasses4LoopsBeginEleventhTask.csproj", "{2AA50A88-1EB9-43FB-B87F-CB1A3102D4AD}"
EndProject
Global
	GlobalSection(SolutionConfigurationPlatforms) = preSolution
		Debug|Any CPU = Debug|Any CPU
		Release|Any CPU = Release|Any CPU
	EndGlobalSection
	GlobalSection(ProjectConfigurationPlatforms) = postSolution
		{2AA50A88-1EB9-43FB-B87F-CB1A3102D4AD}.Debug|Any CPU.ActiveCfg = Debug|Any CPU
		{2AA50A88-1EB9-43FB-B87F-CB1A3102D4AD}.Debug|Any CPU.Build.0 = Debug|Any CPU
		{2AA50A88-1EB9-43FB-B87F-CB1A3102D4AD}.Release|Any CPU.ActiveCfg = Release|Any CPU
		{2AA50A88-1EB9-43FB-B87F-CB1A3102D4AD}.Release|Any CPU.Build.0 = Release|Any CPU
	EndGlobalSection
	GlobalSection(SolutionProperties) = preSolution
		HideSolutionNode = FALSE
	EndGlobalSection
	GlobalSection(ExtensibilityGlobals) = postSolution
		SolutionGuid = {A3482CB5-7B44-4B26-9ED2-CC5E5C856C50}
	EndGlobalSection
EndGlobal
