
Microsoft Visual Studio Solution File, Format Version 12.00
# Visual Studio Version 16
VisualStudioVersion = 16.0.31729.503
MinimumVisualStudioVersion = 10.0.40219.1
Project("{FAE04EC0-301F-11D3-BF4B-00C04F79EFBC}") = "LabCalsses4LoopsBeginTwelfthTask", "LabCalsses4LoopsBeginTwelfthTask\LabCalsses4LoopsBeginTwelfthTask.csproj", "{D94E00FB-956E-43B9-B5ED-7103871540B7}"
EndProject
Global
	GlobalSection(SolutionConfigurationPlatforms) = preSolution
		Debug|Any CPU = Debug|Any CPU
		Release|Any CPU = Release|Any CPU
	EndGlobalSection
	GlobalSection(ProjectConfigurationPlatforms) = postSolution
		{D94E00FB-956E-43B9-B5ED-7103871540B7}.Debug|Any CPU.ActiveCfg = Debug|Any CPU
		{D94E00FB-956E-43B9-B5ED-7103871540B7}.Debug|Any CPU.Build.0 = Debug|Any CPU
		{D94E00FB-956E-43B9-B5ED-7103871540B7}.Release|Any CPU.ActiveCfg = Release|Any CPU
		{D94E00FB-956E-43B9-B5ED-7103871540B7}.Release|Any CPU.Build.0 = Release|Any CPU
	EndGlobalSection
	GlobalSection(SolutionProperties) = preSolution
		HideSolutionNode = FALSE
	EndGlobalSection
	GlobalSection(ExtensibilityGlobals) = postSolution
		SolutionGuid = {2B437835-A2FE-4040-992F-5BC99F9B2114}
	EndGlobalSection
EndGlobal
