
Microsoft Visual Studio Solution File, Format Version 12.00
# Visual Studio Version 16
VisualStudioVersion = 16.0.31729.503
MinimumVisualStudioVersion = 10.0.40219.1
Project("{FAE04EC0-301F-11D3-BF4B-00C04F79EFBC}") = "LabClasses4LoopsBeginFourteenthTask", "LabClasses4LoopsBeginFourteenthTask\LabClasses4LoopsBeginFourteenthTask.csproj", "{DC85B8BC-80F8-45C8-B8C7-85BD26CF5898}"
EndProject
Global
	GlobalSection(SolutionConfigurationPlatforms) = preSolution
		Debug|Any CPU = Debug|Any CPU
		Release|Any CPU = Release|Any CPU
	EndGlobalSection
	GlobalSection(ProjectConfigurationPlatforms) = postSolution
		{DC85B8BC-80F8-45C8-B8C7-85BD26CF5898}.Debug|Any CPU.ActiveCfg = Debug|Any CPU
		{DC85B8BC-80F8-45C8-B8C7-85BD26CF5898}.Debug|Any CPU.Build.0 = Debug|Any CPU
		{DC85B8BC-80F8-45C8-B8C7-85BD26CF5898}.Release|Any CPU.ActiveCfg = Release|Any CPU
		{DC85B8BC-80F8-45C8-B8C7-85BD26CF5898}.Release|Any CPU.Build.0 = Release|Any CPU
	EndGlobalSection
	GlobalSection(SolutionProperties) = preSolution
		HideSolutionNode = FALSE
	EndGlobalSection
	GlobalSection(ExtensibilityGlobals) = postSolution
		SolutionGuid = {95967E3C-0BF1-4CC2-9F56-F85B022C81DC}
	EndGlobalSection
EndGlobal
